
Microsoft Visual Studio Solution File, Format Version 11.00
# Visual Studio 2010
Project("{FAE04EC0-301F-11D3-BF4B-00C04F79EFBC}") = "Assembly-CSharp", "Assembly-CSharp.csproj", "{01C8BFDD-7587-9002-4AAB-780625E00590}"
EndProject
Project("{FAE04EC0-301F-11D3-BF4B-00C04F79EFBC}") = "Assembly-CSharp-firstpass", "Assembly-CSharp-firstpass.csproj", "{B4CC3BFE-8D37-BBBF-89B5-8F303F024C1A}"
EndProject
Project("{FAE04EC0-301F-11D3-BF4B-00C04F79EFBC}") = "Assembly-CSharp-Editor-firstpass", "Assembly-CSharp-Editor-firstpass.csproj", "{1FB0B2B3-FFD5-A8B9-491D-EAAE4F72C942}"
EndProject
Global
	GlobalSection(SolutionConfigurationPlatforms) = preSolution
		Debug|Any CPU = Debug|Any CPU
		Release|Any CPU = Release|Any CPU
	EndGlobalSection
	GlobalSection(ProjectConfigurationPlatforms) = postSolution
		{01C8BFDD-7587-9002-4AAB-780625E00590}.Debug|Any CPU.ActiveCfg = Debug|Any CPU
		{01C8BFDD-7587-9002-4AAB-780625E00590}.Debug|Any CPU.Build.0 = Debug|Any CPU
		{01C8BFDD-7587-9002-4AAB-780625E00590}.Release|Any CPU.ActiveCfg = Release|Any CPU
		{01C8BFDD-7587-9002-4AAB-780625E00590}.Release|Any CPU.Build.0 = Release|Any CPU
		{B4CC3BFE-8D37-BBBF-89B5-8F303F024C1A}.Debug|Any CPU.ActiveCfg = Debug|Any CPU
		{B4CC3BFE-8D37-BBBF-89B5-8F303F024C1A}.Debug|Any CPU.Build.0 = Debug|Any CPU
		{B4CC3BFE-8D37-BBBF-89B5-8F303F024C1A}.Release|Any CPU.ActiveCfg = Release|Any CPU
		{B4CC3BFE-8D37-BBBF-89B5-8F303F024C1A}.Release|Any CPU.Build.0 = Release|Any CPU
		{1FB0B2B3-FFD5-A8B9-491D-EAAE4F72C942}.Debug|Any CPU.ActiveCfg = Debug|Any CPU
		{1FB0B2B3-FFD5-A8B9-491D-EAAE4F72C942}.Debug|Any CPU.Build.0 = Debug|Any CPU
		{1FB0B2B3-FFD5-A8B9-491D-EAAE4F72C942}.Release|Any CPU.ActiveCfg = Release|Any CPU
		{1FB0B2B3-FFD5-A8B9-491D-EAAE4F72C942}.Release|Any CPU.Build.0 = Release|Any CPU
	EndGlobalSection
	GlobalSection(SolutionProperties) = preSolution
		HideSolutionNode = FALSE
	EndGlobalSection
EndGlobal
